// !$*UTF8*$!
{
	archiveVersion = 1;
	classes = {
	};
	objectVersion = 46;
	objects = {

/* Begin PBXBuildFile section */
		40E0045D1CA2F53800929FB9 /* AppDelegate.swift in Sources */ = {isa = PBXBuildFile; fileRef = 40E0045C1CA2F53800929FB9 /* AppDelegate.swift */; };
		40E0045F1CA2F53800929FB9 /* RootViewController.swift in Sources */ = {isa = PBXBuildFile; fileRef = 40E0045E1CA2F53800929FB9 /* RootViewController.swift */; };
		40E004611CA2F53800929FB9 /* DataViewController.swift in Sources */ = {isa = PBXBuildFile; fileRef = 40E004601CA2F53800929FB9 /* DataViewController.swift */; };
		40E004631CA2F53800929FB9 /* ModelController.swift in Sources */ = {isa = PBXBuildFile; fileRef = 40E004621CA2F53800929FB9 /* ModelController.swift */; };
		40E004661CA2F53800929FB9 /* Main.storyboard in Resources */ = {isa = PBXBuildFile; fileRef = 40E004641CA2F53800929FB9 /* Main.storyboard */; };
		40E004681CA2F53800929FB9 /* Assets.xcassets in Resources */ = {isa = PBXBuildFile; fileRef = 40E004671CA2F53800929FB9 /* Assets.xcassets */; };
		40E0046B1CA2F53800929FB9 /* LaunchScreen.storyboard in Resources */ = {isa = PBXBuildFile; fileRef = 40E004691CA2F53800929FB9 /* LaunchScreen.storyboard */; };
		40E004761CA2F53800929FB9 /* homeworkTests.swift in Sources */ = {isa = PBXBuildFile; fileRef = 40E004751CA2F53800929FB9 /* homeworkTests.swift */; };
		40E004811CA2F53800929FB9 /* homeworkUITests.swift in Sources */ = {isa = PBXBuildFile; fileRef = 40E004801CA2F53800929FB9 /* homeworkUITests.swift */; };
/* End PBXBuildFile section */

/* Begin PBXContainerItemProxy section */
		40E004721CA2F53800929FB9 /* PBXContainerItemProxy */ = {
			isa = PBXContainerItemProxy;
			containerPortal = 40E004511CA2F53800929FB9 /* Project object */;
			proxyType = 1;
			remoteGlobalIDString = 40E004581CA2F53800929FB9;
			remoteInfo = homework;
		};
		40E0047D1CA2F53800929FB9 /* PBXContainerItemProxy */ = {
			isa = PBXContainerItemProxy;
			containerPortal = 40E004511CA2F53800929FB9 /* Project object */;
			proxyType = 1;
			remoteGlobalIDString = 40E004581CA2F53800929FB9;
			remoteInfo = homework;
		};
/* End PBXContainerItemProxy section */

/* Begin PBXFileReference section */
		40E004591CA2F53800929FB9 /* homework.app */ = {isa = PBXFileReference; explicitFileType = wrapper.application; includeInIndex = 0; path = homework.app; sourceTree = BUILT_PRODUCTS_DIR; };
		40E0045C1CA2F53800929FB9 /* AppDelegate.swift */ = {isa = PBXFileReference; lastKnownFileType = sourcecode.swift; path = AppDelegate.swift; sourceTree = "<group>"; };
		40E0045E1CA2F53800929FB9 /* RootViewController.swift */ = {isa = PBXFileReference; lastKnownFileType = sourcecode.swift; path = RootViewController.swift; sourceTree = "<group>"; };
		40E004601CA2F53800929FB9 /* DataViewController.swift */ = {isa = PBXFileReference; lastKnownFileType = sourcecode.swift; path = DataViewController.swift; sourceTree = "<group>"; };
		40E004621CA2F53800929FB9 /* ModelController.swift */ = {isa = PBXFileReference; lastKnownFileType = sourcecode.swift; path = ModelController.swift; sourceTree = "<group>"; };
		40E004651CA2F53800929FB9 /* Base */ = {isa = PBXFileReference; lastKnownFileType = file.storyboard; name = Base; path = Base.lproj/Main.storyboard; sourceTree = "<group>"; };
		40E004671CA2F53800929FB9 /* Assets.xcassets */ = {isa = PBXFileReference; lastKnownFileType = folder.assetcatalog; path = Assets.xcassets; sourceTree = "<group>"; };
		40E0046A1CA2F53800929FB9 /* Base */ = {isa = PBXFileReference; lastKnownFileType = file.storyboard; name = Base; path = Base.lproj/LaunchScreen.storyboard; sourceTree = "<group>"; };
		40E0046C1CA2F53800929FB9 /* Info.plist */ = {isa = PBXFileReference; lastKnownFileType = text.plist.xml; path = Info.plist; sourceTree = "<group>"; };
		40E004711CA2F53800929FB9 /* homeworkTests.xctest */ = {isa = PBXFileReference; explicitFileType = wrapper.cfbundle; includeInIndex = 0; path = homeworkTests.xctest; sourceTree = BUILT_PRODUCTS_DIR; };
		40E004751CA2F53800929FB9 /* homeworkTests.swift */ = {isa = PBXFileReference; lastKnownFileType = sourcecode.swift; path = homeworkTests.swift; sourceTree = "<group>"; };
		40E004771CA2F53800929FB9 /* Info.plist */ = {isa = PBXFileReference; lastKnownFileType = text.plist.xml; path = Info.plist; sourceTree = "<group>"; };
		40E0047C1CA2F53800929FB9 /* homeworkUITests.xctest */ = {isa = PBXFileReference; explicitFileType = wrapper.cfbundle; includeInIndex = 0; path = homeworkUITests.xctest; sourceTree = BUILT_PRODUCTS_DIR; };
		40E004801CA2F53800929FB9 /* homeworkUITests.swift */ = {isa = PBXFileReference; lastKnownFileType = sourcecode.swift; path = homeworkUITests.swift; sourceTree = "<group>"; };
		40E004821CA2F53800929FB9 /* Info.plist */ = {isa = PBXFileReference; lastKnownFileType = text.plist.xml; path = Info.plist; sourceTree = "<group>"; };
/* End PBXFileReference section */

/* Begin PBXFrameworksBuildPhase section */
		40E004561CA2F53800929FB9 /* Frameworks */ = {
			isa = PBXFrameworksBuildPhase;
			buildActionMask = 2147483647;
			files = (
			);
			runOnlyForDeploymentPostprocessing = 0;
		};
		40E0046E1CA2F53800929FB9 /* Frameworks */ = {
			isa = PBXFrameworksBuildPhase;
			buildActionMask = 2147483647;
			files = (
			);
			runOnlyForDeploymentPostprocessing = 0;
		};
		40E004791CA2F53800929FB9 /* Frameworks */ = {
			isa = PBXFrameworksBuildPhase;
			buildActionMask = 2147483647;
			files = (
			);
			runOnlyForDeploymentPostprocessing = 0;
		};
/* End PBXFrameworksBuildPhase section */

/* Begin PBXGroup section */
		40E004501CA2F53800929FB9 = {
			isa = PBXGroup;
			children = (
				40E0045B1CA2F53800929FB9 /* homework */,
				40E004741CA2F53800929FB9 /* homeworkTests */,
				40E0047F1CA2F53800929FB9 /* homeworkUITests */,
				40E0045A1CA2F53800929FB9 /* Products */,
			);
			sourceTree = "<group>";
		};
		40E0045A1CA2F53800929FB9 /* Products */ = {
			isa = PBXGroup;
			children = (
				40E004591CA2F53800929FB9 /* homework.app */,
				40E004711CA2F53800929FB9 /* homeworkTests.xctest */,
				40E0047C1CA2F53800929FB9 /* homeworkUITests.xctest */,
			);
			name = Products;
			sourceTree = "<group>";
		};
		40E0045B1CA2F53800929FB9 /* homework */ = {
			isa = PBXGroup;
			children = (
				40E0045C1CA2F53800929FB9 /* AppDelegate.swift */,
				40E0045E1CA2F53800929FB9 /* RootViewController.swift */,
				40E004601CA2F53800929FB9 /* DataViewController.swift */,
				40E004621CA2F53800929FB9 /* ModelController.swift */,
				40E004641CA2F53800929FB9 /* Main.storyboard */,
				40E004671CA2F53800929FB9 /* Assets.xcassets */,
				40E004691CA2F53800929FB9 /* LaunchScreen.storyboard */,
				40E0046C1CA2F53800929FB9 /* Info.plist */,
			);
			path = homework;
			sourceTree = "<group>";
		};
		40E004741CA2F53800929FB9 /* homeworkTests */ = {
			isa = PBXGroup;
			children = (
				40E004751CA2F53800929FB9 /* homeworkTests.swift */,
				40E004771CA2F53800929FB9 /* Info.plist */,
			);
			path = homeworkTests;
			sourceTree = "<group>";
		};
		40E0047F1CA2F53800929FB9 /* homeworkUITests */ = {
			isa = PBXGroup;
			children = (
				40E004801CA2F53800929FB9 /* homeworkUITests.swift */,
				40E004821CA2F53800929FB9 /* Info.plist */,
			);
			path = homeworkUITests;
			sourceTree = "<group>";
		};
/* End PBXGroup section */

/* Begin PBXNativeTarget section */
		40E004581CA2F53800929FB9 /* homework */ = {
			isa = PBXNativeTarget;
			buildConfigurationList = 40E004851CA2F53800929FB9 /* Build configuration list for PBXNativeTarget "homework" */;
			buildPhases = (
				40E004551CA2F53800929FB9 /* Sources */,
				40E004561CA2F53800929FB9 /* Frameworks */,
				40E004571CA2F53800929FB9 /* Resources */,
			);
			buildRules = (
			);
			dependencies = (
			);
			name = homework;
			productName = homework;
			productReference = 40E004591CA2F53800929FB9 /* homework.app */;
			productType = "com.apple.product-type.application";
		};
		40E004701CA2F53800929FB9 /* homeworkTests */ = {
			isa = PBXNativeTarget;
			buildConfigurationList = 40E004881CA2F53800929FB9 /* Build configuration list for PBXNativeTarget "homeworkTests" */;
			buildPhases = (
				40E0046D1CA2F53800929FB9 /* Sources */,
				40E0046E1CA2F53800929FB9 /* Frameworks */,
				40E0046F1CA2F53800929FB9 /* Resources */,
			);
			buildRules = (
			);
			dependencies = (
				40E004731CA2F53800929FB9 /* PBXTargetDependency */,
			);
			name = homeworkTests;
			productName = homeworkTests;
			productReference = 40E004711CA2F53800929FB9 /* homeworkTests.xctest */;
			productType = "com.apple.product-type.bundle.unit-test";
		};
		40E0047B1CA2F53800929FB9 /* homeworkUITests */ = {
			isa = PBXNativeTarget;
			buildConfigurationList = 40E0048B1CA2F53800929FB9 /* Build configuration list for PBXNativeTarget "homeworkUITests" */;
			buildPhases = (
				40E004781CA2F53800929FB9 /* Sources */,
				40E004791CA2F53800929FB9 /* Frameworks */,
				40E0047A1CA2F53800929FB9 /* Resources */,
			);
			buildRules = (
			);
			dependencies = (
				40E0047E1CA2F53800929FB9 /* PBXTargetDependency */,
			);
			name = homeworkUITests;
			productName = homeworkUITests;
			productReference = 40E0047C1CA2F53800929FB9 /* homeworkUITests.xctest */;
			productType = "com.apple.product-type.bundle.ui-testing";
		};
/* End PBXNativeTarget section */

/* Begin PBXProject section */
		40E004511CA2F53800929FB9 /* Project object */ = {
			isa = PBXProject;
			attributes = {
				LastUpgradeCheck = 0700;
				ORGANIZATIONNAME = "JUAN ANTONIO ROJAS HINOJOSA";
				TargetAttributes = {
					40E004581CA2F53800929FB9 = {
						CreatedOnToolsVersion = 7.0;
					};
					40E004701CA2F53800929FB9 = {
						CreatedOnToolsVersion = 7.0;
						TestTargetID = 40E004581CA2F53800929FB9;
					};
					40E0047B1CA2F53800929FB9 = {
						CreatedOnToolsVersion = 7.0;
						TestTargetID = 40E004581CA2F53800929FB9;
					};
				};
			};
			buildConfigurationList = 40E004541CA2F53800929FB9 /* Build configuration list for PBXProject "homework" */;
			compatibilityVersion = "Xcode 3.2";
			developmentRegion = English;
			hasScannedForEncodings = 0;
			knownRegions = (
				en,
				Base,
			);
			mainGroup = 40E004501CA2F53800929FB9;
			productRefGroup = 40E0045A1CA2F53800929FB9 /* Products */;
			projectDirPath = "";
			projectRoot = "";
			targets = (
				40E004581CA2F53800929FB9 /* homework */,
				40E004701CA2F53800929FB9 /* homeworkTests */,
				40E0047B1CA2F53800929FB9 /* homeworkUITests */,
			);
		};
/* End PBXProject section */

/* Begin PBXResourcesBuildPhase section */
		40E004571CA2F53800929FB9 /* Resources */ = {
			isa = PBXResourcesBuildPhase;
			buildActionMask = 2147483647;
			files = (
				40E0046B1CA2F53800929FB9 /* LaunchScreen.storyboard in Resources */,
				40E004681CA2F53800929FB9 /* Assets.xcassets in Resources */,
				40E004661CA2F53800929FB9 /* Main.storyboard in Resources */,
			);
			runOnlyForDeploymentPostprocessing = 0;
		};
		40E0046F1CA2F53800929FB9 /* Resources */ = {
			isa = PBXResourcesBuildPhase;
			buildActionMask = 2147483647;
			files = (
			);
			runOnlyForDeploymentPostprocessing = 0;
		};
		40E0047A1CA2F53800929FB9 /* Resources */ = {
			isa = PBXResourcesBuildPhase;
			buildActionMask = 2147483647;
			files = (
			);
			runOnlyForDeploymentPostprocessing = 0;
		};
/* End PBXResourcesBuildPhase section */

/* Begin PBXSourcesBuildPhase section */
		40E004551CA2F53800929FB9 /* Sources */ = {
			isa = PBXSourcesBuildPhase;
			buildActionMask = 2147483647;
			files = (
				40E0045F1CA2F53800929FB9 /* RootViewController.swift in Sources */,
				40E004631CA2F53800929FB9 /* ModelController.swift in Sources */,
				40E004611CA2F53800929FB9 /* DataViewController.swift in Sources */,
				40E0045D1CA2F53800929FB9 /* AppDelegate.swift in Sources */,
			);
			runOnlyForDeploymentPostprocessing = 0;
		};
		40E0046D1CA2F53800929FB9 /* Sources */ = {
			isa = PBXSourcesBuildPhase;
			buildActionMask = 2147483647;
			files = (
				40E004761CA2F53800929FB9 /* homeworkTests.swift in Sources */,
			);
			runOnlyForDeploymentPostprocessing = 0;
		};
		40E004781CA2F53800929FB9 /* Sources */ = {
			isa = PBXSourcesBuildPhase;
			buildActionMask = 2147483647;
			files = (
				40E004811CA2F53800929FB9 /* homeworkUITests.swift in Sources */,
			);
			runOnlyForDeploymentPostprocessing = 0;
		};
/* End PBXSourcesBuildPhase section */

/* Begin PBXTargetDependency section */
		40E004731CA2F53800929FB9 /* PBXTargetDependency */ = {
			isa = PBXTargetDependency;
			target = 40E004581CA2F53800929FB9 /* homework */;
			targetProxy = 40E004721CA2F53800929FB9 /* PBXContainerItemProxy */;
		};
		40E0047E1CA2F53800929FB9 /* PBXTargetDependency */ = {
			isa = PBXTargetDependency;
			target = 40E004581CA2F53800929FB9 /* homework */;
			targetProxy = 40E0047D1CA2F53800929FB9 /* PBXContainerItemProxy */;
		};
/* End PBXTargetDependency section */

/* Begin PBXVariantGroup section */
		40E004641CA2F53800929FB9 /* Main.storyboard */ = {
			isa = PBXVariantGroup;
			children = (
				40E004651CA2F53800929FB9 /* Base */,
			);
			name = Main.storyboard;
			sourceTree = "<group>";
		};
		40E004691CA2F53800929FB9 /* LaunchScreen.storyboard */ = {
			isa = PBXVariantGroup;
			children = (
				40E0046A1CA2F53800929FB9 /* Base */,
			);
			name = LaunchScreen.storyboard;
			sourceTree = "<group>";
		};
/* End PBXVariantGroup section */

/* Begin XCBuildConfiguration section */
		40E004831CA2F53800929FB9 /* Debug */ = {
			isa = XCBuildConfiguration;
			buildSettings = {
				ALWAYS_SEARCH_USER_PATHS = NO;
				CLANG_CXX_LANGUAGE_STANDARD = "gnu++0x";
				CLANG_CXX_LIBRARY = "libc++";
				CLANG_ENABLE_MODULES = YES;
				CLANG_ENABLE_OBJC_ARC = YES;
				CLANG_WARN_BOOL_CONVERSION = YES;
				CLANG_WARN_CONSTANT_CONVERSION = YES;
				CLANG_WARN_DIRECT_OBJC_ISA_USAGE = YES_ERROR;
				CLANG_WARN_EMPTY_BODY = YES;
				CLANG_WARN_ENUM_CONVERSION = YES;
				CLANG_WARN_INT_CONVERSION = YES;
				CLANG_WARN_OBJC_ROOT_CLASS = YES_ERROR;
				CLANG_WARN_UNREACHABLE_CODE = YES;
				CLANG_WARN__DUPLICATE_METHOD_MATCH = YES;
				"CODE_SIGN_IDENTITY[sdk=iphoneos*]" = "iPhone Developer";
				COPY_PHASE_STRIP = NO;
				DEBUG_INFORMATION_FORMAT = dwarf;
				ENABLE_STRICT_OBJC_MSGSEND = YES;
				ENABLE_TESTABILITY = YES;
				GCC_C_LANGUAGE_STANDARD = gnu99;
				GCC_DYNAMIC_NO_PIC = NO;
				GCC_NO_COMMON_BLOCKS = YES;
				GCC_OPTIMIZATION_LEVEL = 0;
				GCC_PREPROCESSOR_DEFINITIONS = (
					"DEBUG=1",
					"$(inherited)",
				);
				GCC_WARN_64_TO_32_BIT_CONVERSION = YES;
				GCC_WARN_ABOUT_RETURN_TYPE = YES_ERROR;
				GCC_WARN_UNDECLARED_SELECTOR = YES;
				GCC_WARN_UNINITIALIZED_AUTOS = YES_AGGRESSIVE;
				GCC_WARN_UNUSED_FUNCTION = YES;
				GCC_WARN_UNUSED_VARIABLE = YES;
				IPHONEOS_DEPLOYMENT_TARGET = 9.0;
				MTL_ENABLE_DEBUG_INFO = YES;
				ONLY_ACTIVE_ARCH = YES;
				SDKROOT = iphoneos;
				SWIFT_OPTIMIZATION_LEVEL = "-Onone";
				TARGETED_DEVICE_FAMILY = 2;
			};
			name = Debug;
		};
		40E004841CA2F53800929FB9 /* Release */ = {
			isa = XCBuildConfiguration;
			buildSettings = {
				ALWAYS_SEARCH_USER_PATHS = NO;
				CLANG_CXX_LANGUAGE_STANDARD = "gnu++0x";
				CLANG_CXX_LIBRARY = "libc++";
				CLANG_ENABLE_MODULES = YES;
				CLANG_ENABLE_OBJC_ARC = YES;
				CLANG_WARN_BOOL_CONVERSION = YES;
				CLANG_WARN_CONSTANT_CONVERSION = YES;
				CLANG_WARN_DIRECT_OBJC_ISA_USAGE = YES_ERROR;
				CLANG_WARN_EMPTY_BODY = YES;
				CLANG_WARN_ENUM_CONVERSION = YES;
				CLANG_WARN_INT_CONVERSION = YES;
				CLANG_WARN_OBJC_ROOT_CLASS = YES_ERROR;
				CLANG_WARN_UNREACHABLE_CODE = YES;
				CLANG_WARN__DUPLICATE_METHOD_MATCH = YES;
				"CODE_SIGN_IDENTITY[sdk=iphoneos*]" = "iPhone Developer";
				COPY_PHASE_STRIP = NO;
				DEBUG_INFORMATION_FORMAT = "dwarf-with-dsym";
				ENABLE_NS_ASSERTIONS = NO;
				ENABLE_STRICT_OBJC_MSGSEND = YES;
				GCC_C_LANGUAGE_STANDARD = gnu99;
				GCC_NO_COMMON_BLOCKS = YES;
				GCC_WARN_64_TO_32_BIT_CONVERSION = YES;
				GCC_WARN_ABOUT_RETURN_TYPE = YES_ERROR;
				GCC_WARN_UNDECLARED_SELECTOR = YES;
				GCC_WARN_UNINITIALIZED_AUTOS = YES_AGGRESSIVE;
				GCC_WARN_UNUSED_FUNCTION = YES;
				GCC_WARN_UNUSED_VARIABLE = YES;
				IPHONEOS_DEPLOYMENT_TARGET = 9.0;
				MTL_ENABLE_DEBUG_INFO = NO;
				SDKROOT = iphoneos;
				TARGETED_DEVICE_FAMILY = 2;
				VALIDATE_PRODUCT = YES;
			};
			name = Release;
		};
		40E004861CA2F53800929FB9 /* Debug */ = {
			isa = XCBuildConfiguration;
			buildSettings = {
				ASSETCATALOG_COMPILER_APPICON_NAME = AppIcon;
				INFOPLIST_FILE = homework/Info.plist;
				LD_RUNPATH_SEARCH_PATHS = "$(inherited) @executable_path/Frameworks";
				PRODUCT_BUNDLE_IDENTIFIER = H.homework;
				PRODUCT_NAME = "$(TARGET_NAME)";
			};
			name = Debug;
		};
		40E004871CA2F53800929FB9 /* Release */ = {
			isa = XCBuildConfiguration;
			buildSettings = {
				ASSETCATALOG_COMPILER_APPICON_NAME = AppIcon;
				INFOPLIST_FILE = homework/Info.plist;
				LD_RUNPATH_SEARCH_PATHS = "$(inherited) @executable_path/Frameworks";
				PRODUCT_BUNDLE_IDENTIFIER = H.homework;
				PRODUCT_NAME = "$(TARGET_NAME)";
			};
			name = Release;
		};
		40E004891CA2F53800929FB9 /* Debug */ = {
			isa = XCBuildConfiguration;
			buildSettings = {
				BUNDLE_LOADER = "$(TEST_HOST)";
				INFOPLIST_FILE = homeworkTests/Info.plist;
				LD_RUNPATH_SEARCH_PATHS = "$(inherited) @executable_path/Frameworks @loader_path/Frameworks";
				PRODUCT_BUNDLE_IDENTIFIER = H.homeworkTests;
				PRODUCT_NAME = "$(TARGET_NAME)";
				TEST_HOST = "$(BUILT_PRODUCTS_DIR)/homework.app/homework";
			};
			name = Debug;
		};
		40E0048A1CA2F53800929FB9 /* Release */ = {
			isa = XCBuildConfiguration;
			buildSettings = {
				BUNDLE_LOADER = "$(TEST_HOST)";
				INFOPLIST_FILE = homeworkTests/Info.plist;
				LD_RUNPATH_SEARCH_PATHS = "$(inherited) @executable_path/Frameworks @loader_path/Frameworks";
				PRODUCT_BUNDLE_IDENTIFIER = H.homeworkTests;
				PRODUCT_NAME = "$(TARGET_NAME)";
				TEST_HOST = "$(BUILT_PRODUCTS_DIR)/homework.app/homework";
			};
			name = Release;
		};
		40E0048C1CA2F53800929FB9 /* Debug */ = {
			isa = XCBuildConfiguration;
			buildSettings = {
				INFOPLIST_FILE = homeworkUITests/Info.plist;
				LD_RUNPATH_SEARCH_PATHS = "$(inherited) @executable_path/Frameworks @loader_path/Frameworks";
				PRODUCT_BUNDLE_IDENTIFIER = H.homeworkUITests;
				PRODUCT_NAME = "$(TARGET_NAME)";
				TEST_TARGET_NAME = homework;
				USES_XCTRUNNER = YES;
			};
			name = Debug;
		};
		40E0048D1CA2F53800929FB9 /* Release */ = {
			isa = XCBuildConfiguration;
			buildSettings = {
				INFOPLIST_FILE = homeworkUITests/Info.plist;
				LD_RUNPATH_SEARCH_PATHS = "$(inherited) @executable_path/Frameworks @loader_path/Frameworks";
				PRODUCT_BUNDLE_IDENTIFIER = H.homeworkUITests;
				PRODUCT_NAME = "$(TARGET_NAME)";
				TEST_TARGET_NAME = homework;
				USES_XCTRUNNER = YES;
			};
			name = Release;
		};
/* End XCBuildConfiguration section */

/* Begin XCConfigurationList section */
		40E004541CA2F53800929FB9 /* Build configuration list for PBXProject "homework" */ = {
			isa = XCConfigurationList;
			buildConfigurations = (
				40E004831CA2F53800929FB9 /* Debug */,
				40E004841CA2F53800929FB9 /* Release */,
			);
			defaultConfigurationIsVisible = 0;
			defaultConfigurationName = Release;
		};
		40E004851CA2F53800929FB9 /* Build configuration list for PBXNativeTarget "homework" */ = {
			isa = XCConfigurationList;
			buildConfigurations = (
				40E004861CA2F53800929FB9 /* Debug */,
				40E004871CA2F53800929FB9 /* Release */,
			);
			defaultConfigurationIsVisible = 0;
		};
		40E004881CA2F53800929FB9 /* Build configuration list for PBXNativeTarget "homeworkTests" */ = {
			isa = XCConfigurationList;
			buildConfigurations = (
				40E004891CA2F53800929FB9 /* Debug */,
				40E0048A1CA2F53800929FB9 /* Release */,
			);
			defaultConfigurationIsVisible = 0;
		};
		40E0048B1CA2F53800929FB9 /* Build configuration list for PBXNativeTarget "homeworkUITests" */ = {
			isa = XCConfigurationList;
			buildConfigurations = (
				40E0048C1CA2F53800929FB9 /* Debug */,
				40E0048D1CA2F53800929FB9 /* Release */,
			);
			defaultConfigurationIsVisible = 0;
		};
/* End XCConfigurationList section */
	};
	rootObject = 40E004511CA2F53800929FB9 /* Project object */;
}
